
Microsoft Visual Studio Solution File, Format Version 12.00
# Visual Studio Version 16
VisualStudioVersion = 16.0.31624.102
MinimumVisualStudioVersion = 10.0.40219.1
Project("{FAE04EC0-301F-11D3-BF4B-00C04F79EFBC}") = "CRUDStreaming", "CRUDStreaming.csproj", "{26FD65CA-5E05-4D5A-A7A2-9CD2C297AAFF}"
EndProject
Global
	GlobalSection(SolutionConfigurationPlatforms) = preSolution
		Debug|Any CPU = Debug|Any CPU
		Release|Any CPU = Release|Any CPU
	EndGlobalSection
	GlobalSection(ProjectConfigurationPlatforms) = postSolution
		{26FD65CA-5E05-4D5A-A7A2-9CD2C297AAFF}.Debug|Any CPU.ActiveCfg = Debug|Any CPU
		{26FD65CA-5E05-4D5A-A7A2-9CD2C297AAFF}.Debug|Any CPU.Build.0 = Debug|Any CPU
		{26FD65CA-5E05-4D5A-A7A2-9CD2C297AAFF}.Release|Any CPU.ActiveCfg = Release|Any CPU
		{26FD65CA-5E05-4D5A-A7A2-9CD2C297AAFF}.Release|Any CPU.Build.0 = Release|Any CPU
	EndGlobalSection
	GlobalSection(SolutionProperties) = preSolution
		HideSolutionNode = FALSE
	EndGlobalSection
	GlobalSection(ExtensibilityGlobals) = postSolution
		SolutionGuid = {C588351F-51C9-4506-A73B-41C2AB656F12}
	EndGlobalSection
EndGlobal
